
Microsoft Visual Studio Solution File, Format Version 12.00
# Visual Studio 15
VisualStudioVersion = 15.0.26124.0
MinimumVisualStudioVersion = 15.0.26124.0
Project("{FAE04EC0-301F-11D3-BF4B-00C04F79EFBC}") = "API", "API\API.csproj", "{BD0B98C1-DD30-4CF1-9667-B1CD353EC9E3}"
EndProject
Project("{FAE04EC0-301F-11D3-BF4B-00C04F79EFBC}") = "Application", "Application\Application.csproj", "{40334C7E-0A9C-458D-9638-446B8C4D833B}"
EndProject
Project("{FAE04EC0-301F-11D3-BF4B-00C04F79EFBC}") = "Persistence", "Persistence\Persistence.csproj", "{AA19A296-BBEB-413A-A43D-D911E744A45C}"
EndProject
Project("{FAE04EC0-301F-11D3-BF4B-00C04F79EFBC}") = "Domain", "Domain\Domain.csproj", "{29797515-6E44-4311-97F9-CEC862ED4405}"
EndProject
Global
	GlobalSection(SolutionConfigurationPlatforms) = preSolution
		Debug|Any CPU = Debug|Any CPU
		Debug|x64 = Debug|x64
		Debug|x86 = Debug|x86
		Release|Any CPU = Release|Any CPU
		Release|x64 = Release|x64
		Release|x86 = Release|x86
	EndGlobalSection
	GlobalSection(SolutionProperties) = preSolution
		HideSolutionNode = FALSE
	EndGlobalSection
	GlobalSection(ProjectConfigurationPlatforms) = postSolution
		{BD0B98C1-DD30-4CF1-9667-B1CD353EC9E3}.Debug|Any CPU.ActiveCfg = Debug|Any CPU
		{BD0B98C1-DD30-4CF1-9667-B1CD353EC9E3}.Debug|Any CPU.Build.0 = Debug|Any CPU
		{BD0B98C1-DD30-4CF1-9667-B1CD353EC9E3}.Debug|x64.ActiveCfg = Debug|Any CPU
		{BD0B98C1-DD30-4CF1-9667-B1CD353EC9E3}.Debug|x64.Build.0 = Debug|Any CPU
		{BD0B98C1-DD30-4CF1-9667-B1CD353EC9E3}.Debug|x86.ActiveCfg = Debug|Any CPU
		{BD0B98C1-DD30-4CF1-9667-B1CD353EC9E3}.Debug|x86.Build.0 = Debug|Any CPU
		{BD0B98C1-DD30-4CF1-9667-B1CD353EC9E3}.Release|Any CPU.ActiveCfg = Release|Any CPU
		{BD0B98C1-DD30-4CF1-9667-B1CD353EC9E3}.Release|Any CPU.Build.0 = Release|Any CPU
		{BD0B98C1-DD30-4CF1-9667-B1CD353EC9E3}.Release|x64.ActiveCfg = Release|Any CPU
		{BD0B98C1-DD30-4CF1-9667-B1CD353EC9E3}.Release|x64.Build.0 = Release|Any CPU
		{BD0B98C1-DD30-4CF1-9667-B1CD353EC9E3}.Release|x86.ActiveCfg = Release|Any CPU
		{BD0B98C1-DD30-4CF1-9667-B1CD353EC9E3}.Release|x86.Build.0 = Release|Any CPU
		{40334C7E-0A9C-458D-9638-446B8C4D833B}.Debug|Any CPU.ActiveCfg = Debug|Any CPU
		{40334C7E-0A9C-458D-9638-446B8C4D833B}.Debug|Any CPU.Build.0 = Debug|Any CPU
		{40334C7E-0A9C-458D-9638-446B8C4D833B}.Debug|x64.ActiveCfg = Debug|Any CPU
		{40334C7E-0A9C-458D-9638-446B8C4D833B}.Debug|x64.Build.0 = Debug|Any CPU
		{40334C7E-0A9C-458D-9638-446B8C4D833B}.Debug|x86.ActiveCfg = Debug|Any CPU
		{40334C7E-0A9C-458D-9638-446B8C4D833B}.Debug|x86.Build.0 = Debug|Any CPU
		{40334C7E-0A9C-458D-9638-446B8C4D833B}.Release|Any CPU.ActiveCfg = Release|Any CPU
		{40334C7E-0A9C-458D-9638-446B8C4D833B}.Release|Any CPU.Build.0 = Release|Any CPU
		{40334C7E-0A9C-458D-9638-446B8C4D833B}.Release|x64.ActiveCfg = Release|Any CPU
		{40334C7E-0A9C-458D-9638-446B8C4D833B}.Release|x64.Build.0 = Release|Any CPU
		{40334C7E-0A9C-458D-9638-446B8C4D833B}.Release|x86.ActiveCfg = Release|Any CPU
		{40334C7E-0A9C-458D-9638-446B8C4D833B}.Release|x86.Build.0 = Release|Any CPU
		{AA19A296-BBEB-413A-A43D-D911E744A45C}.Debug|Any CPU.ActiveCfg = Debug|Any CPU
		{AA19A296-BBEB-413A-A43D-D911E744A45C}.Debug|Any CPU.Build.0 = Debug|Any CPU
		{AA19A296-BBEB-413A-A43D-D911E744A45C}.Debug|x64.ActiveCfg = Debug|Any CPU
		{AA19A296-BBEB-413A-A43D-D911E744A45C}.Debug|x64.Build.0 = Debug|Any CPU
		{AA19A296-BBEB-413A-A43D-D911E744A45C}.Debug|x86.ActiveCfg = Debug|Any CPU
		{AA19A296-BBEB-413A-A43D-D911E744A45C}.Debug|x86.Build.0 = Debug|Any CPU
		{AA19A296-BBEB-413A-A43D-D911E744A45C}.Release|Any CPU.ActiveCfg = Release|Any CPU
		{AA19A296-BBEB-413A-A43D-D911E744A45C}.Release|Any CPU.Build.0 = Release|Any CPU
		{AA19A296-BBEB-413A-A43D-D911E744A45C}.Release|x64.ActiveCfg = Release|Any CPU
		{AA19A296-BBEB-413A-A43D-D911E744A45C}.Release|x64.Build.0 = Release|Any CPU
		{AA19A296-BBEB-413A-A43D-D911E744A45C}.Release|x86.ActiveCfg = Release|Any CPU
		{AA19A296-BBEB-413A-A43D-D911E744A45C}.Release|x86.Build.0 = Release|Any CPU
		{29797515-6E44-4311-97F9-CEC862ED4405}.Debug|Any CPU.ActiveCfg = Debug|Any CPU
		{29797515-6E44-4311-97F9-CEC862ED4405}.Debug|Any CPU.Build.0 = Debug|Any CPU
		{29797515-6E44-4311-97F9-CEC862ED4405}.Debug|x64.ActiveCfg = Debug|Any CPU
		{29797515-6E44-4311-97F9-CEC862ED4405}.Debug|x64.Build.0 = Debug|Any CPU
		{29797515-6E44-4311-97F9-CEC862ED4405}.Debug|x86.ActiveCfg = Debug|Any CPU
		{29797515-6E44-4311-97F9-CEC862ED4405}.Debug|x86.Build.0 = Debug|Any CPU
		{29797515-6E44-4311-97F9-CEC862ED4405}.Release|Any CPU.ActiveCfg = Release|Any CPU
		{29797515-6E44-4311-97F9-CEC862ED4405}.Release|Any CPU.Build.0 = Release|Any CPU
		{29797515-6E44-4311-97F9-CEC862ED4405}.Release|x64.ActiveCfg = Release|Any CPU
		{29797515-6E44-4311-97F9-CEC862ED4405}.Release|x64.Build.0 = Release|Any CPU
		{29797515-6E44-4311-97F9-CEC862ED4405}.Release|x86.ActiveCfg = Release|Any CPU
		{29797515-6E44-4311-97F9-CEC862ED4405}.Release|x86.Build.0 = Release|Any CPU
	EndGlobalSection
EndGlobal
